
Microsoft Visual Studio Solution File, Format Version 12.00
Project("{F2A71F9B-5D33-465A-A702-920D77279786}") = "FDOM.Core", "FDOM.Core\FDOM.Core.fsproj", "{DC40D4DF-8A64-4178-8E66-B9D3B5EEB14B}"
EndProject
Project("{F2A71F9B-5D33-465A-A702-920D77279786}") = "FDOM.Rendering.Razor", "FDOM.Rendering.Razor\FDOM.Rendering.Razor.fsproj", "{3B79C770-2625-48FF-B309-9F126FF8BE99}"
EndProject
Project("{F2A71F9B-5D33-465A-A702-920D77279786}") = "FDOM.Rendering.Html", "FDOM.Rendering.Html\FDOM.Rendering.Html.fsproj", "{E983F532-BC1C-46F3-885B-93979CEFEFA0}"
EndProject
Project("{2150E333-8FDC-42A3-9474-1A3956D46DE8}") = "Documentation", "Documentation", "{69C3B0DF-251F-48E8-B1F5-B26B67F319B7}"
ProjectSection(SolutionItems) = preProject
	README.md = README.md
	LICENSE = LICENSE
EndProjectSection
EndProject
Project("{F2A71F9B-5D33-465A-A702-920D77279786}") = "FDOM.Console", "FDOM.Console\FDOM.Console.fsproj", "{CD1029F2-58A5-4F41-A833-0CA8D37F8095}"
EndProject
Project("{F2A71F9B-5D33-465A-A702-920D77279786}") = "FDOM.UnitTests", "FDOM.UnitTests\FDOM.UnitTests.fsproj", "{7129B259-4064-4FFB-BADE-16888DE3450B}"
EndProject
Project("{F2A71F9B-5D33-465A-A702-920D77279786}") = "FDOM.IntegrationTests", "FDOM.IntegrationTests\FDOM.IntegrationTests.fsproj", "{BEF94852-7008-4D9E-B156-CAA056C232A6}"
EndProject
Project("{2150E333-8FDC-42A3-9474-1A3956D46DE8}") = "Tests", "Tests", "{60C80C7F-EF2C-4D50-932B-DF01D2C8E0E5}"
EndProject
Global
	GlobalSection(SolutionConfigurationPlatforms) = preSolution
		Debug|Any CPU = Debug|Any CPU
		Release|Any CPU = Release|Any CPU
	EndGlobalSection
	GlobalSection(ProjectConfigurationPlatforms) = postSolution
		{DC40D4DF-8A64-4178-8E66-B9D3B5EEB14B}.Debug|Any CPU.ActiveCfg = Debug|Any CPU
		{DC40D4DF-8A64-4178-8E66-B9D3B5EEB14B}.Debug|Any CPU.Build.0 = Debug|Any CPU
		{DC40D4DF-8A64-4178-8E66-B9D3B5EEB14B}.Release|Any CPU.ActiveCfg = Release|Any CPU
		{DC40D4DF-8A64-4178-8E66-B9D3B5EEB14B}.Release|Any CPU.Build.0 = Release|Any CPU
		{3B79C770-2625-48FF-B309-9F126FF8BE99}.Debug|Any CPU.ActiveCfg = Debug|Any CPU
		{3B79C770-2625-48FF-B309-9F126FF8BE99}.Debug|Any CPU.Build.0 = Debug|Any CPU
		{3B79C770-2625-48FF-B309-9F126FF8BE99}.Release|Any CPU.ActiveCfg = Release|Any CPU
		{3B79C770-2625-48FF-B309-9F126FF8BE99}.Release|Any CPU.Build.0 = Release|Any CPU
		{E983F532-BC1C-46F3-885B-93979CEFEFA0}.Debug|Any CPU.ActiveCfg = Debug|Any CPU
		{E983F532-BC1C-46F3-885B-93979CEFEFA0}.Debug|Any CPU.Build.0 = Debug|Any CPU
		{E983F532-BC1C-46F3-885B-93979CEFEFA0}.Release|Any CPU.ActiveCfg = Release|Any CPU
		{E983F532-BC1C-46F3-885B-93979CEFEFA0}.Release|Any CPU.Build.0 = Release|Any CPU
		{CD1029F2-58A5-4F41-A833-0CA8D37F8095}.Debug|Any CPU.ActiveCfg = Debug|Any CPU
		{CD1029F2-58A5-4F41-A833-0CA8D37F8095}.Debug|Any CPU.Build.0 = Debug|Any CPU
		{CD1029F2-58A5-4F41-A833-0CA8D37F8095}.Release|Any CPU.ActiveCfg = Release|Any CPU
		{CD1029F2-58A5-4F41-A833-0CA8D37F8095}.Release|Any CPU.Build.0 = Release|Any CPU
		{7129B259-4064-4FFB-BADE-16888DE3450B}.Debug|Any CPU.ActiveCfg = Debug|Any CPU
		{7129B259-4064-4FFB-BADE-16888DE3450B}.Debug|Any CPU.Build.0 = Debug|Any CPU
		{7129B259-4064-4FFB-BADE-16888DE3450B}.Release|Any CPU.ActiveCfg = Release|Any CPU
		{7129B259-4064-4FFB-BADE-16888DE3450B}.Release|Any CPU.Build.0 = Release|Any CPU
		{BEF94852-7008-4D9E-B156-CAA056C232A6}.Debug|Any CPU.ActiveCfg = Debug|Any CPU
		{BEF94852-7008-4D9E-B156-CAA056C232A6}.Debug|Any CPU.Build.0 = Debug|Any CPU
		{BEF94852-7008-4D9E-B156-CAA056C232A6}.Release|Any CPU.ActiveCfg = Release|Any CPU
		{BEF94852-7008-4D9E-B156-CAA056C232A6}.Release|Any CPU.Build.0 = Release|Any CPU
	EndGlobalSection
	GlobalSection(NestedProjects) = preSolution
		{BEF94852-7008-4D9E-B156-CAA056C232A6} = {60C80C7F-EF2C-4D50-932B-DF01D2C8E0E5}
		{7129B259-4064-4FFB-BADE-16888DE3450B} = {60C80C7F-EF2C-4D50-932B-DF01D2C8E0E5}
	EndGlobalSection
EndGlobal
