
Microsoft Visual Studio Solution File, Format Version 12.00
Project("{F2A71F9B-5D33-465A-A702-920D77279786}") = "FDOM.Core", "FDOM.Core\FDOM.Core.fsproj", "{DC40D4DF-8A64-4178-8E66-B9D3B5EEB14B}"
EndProject
Project("{F2A71F9B-5D33-465A-A702-920D77279786}") = "FDOM.Rendering.Razor", "FDOM.Rendering.Razor\FDOM.Rendering.Razor.fsproj", "{3B79C770-2625-48FF-B309-9F126FF8BE99}"
EndProject
Project("{F2A71F9B-5D33-465A-A702-920D77279786}") = "FDOM.Rendering.Html", "FDOM.Rendering.Html\FDOM.Rendering.Html.fsproj", "{E983F532-BC1C-46F3-885B-93979CEFEFA0}"
EndProject
Project("{2150E333-8FDC-42A3-9474-1A3956D46DE8}") = "Documentation", "Documentation", "{69C3B0DF-251F-48E8-B1F5-B26B67F319B7}"
ProjectSection(SolutionItems) = preProject
	README.md = README.md
	LICENSE = LICENSE
EndProjectSection
EndProject
Project("{F2A71F9B-5D33-465A-A702-920D77279786}") = "FDOM.Console", "FDOM.Console\FDOM.Console.fsproj", "{CD1029F2-58A5-4F41-A833-0CA8D37F8095}"
EndProject
Project("{F2A71F9B-5D33-465A-A702-920D77279786}") = "FDOM.UnitTests", "FDOM.UnitTests\FDOM.UnitTests.fsproj", "{7129B259-4064-4FFB-BADE-16888DE3450B}"
EndProject
Project("{F2A71F9B-5D33-465A-A702-920D77279786}") = "FDOM.IntegrationTests", "FDOM.IntegrationTests\FDOM.IntegrationTests.fsproj", "{BEF94852-7008-4D9E-B156-CAA056C232A6}"
EndProject
Project("{2150E333-8FDC-42A3-9474-1A3956D46DE8}") = "Tests", "Tests", "{60C80C7F-EF2C-4D50-932B-DF01D2C8E0E5}"
EndProject
Project("{F2A71F9B-5D33-465A-A702-920D77279786}") = "FDOM.Storage", "FDOM.Storage\FDOM.Storage.fsproj", "{2D6868DE-F980-49B1-A291-CE842C55E593}"
EndProject
Project("{2150E333-8FDC-42A3-9474-1A3956D46DE8}") = "External", "External", "{EE5B262B-5A25-400B-AF87-DDB0C7E0323D}"
EndProject
Project("{F2A71F9B-5D33-465A-A702-920D77279786}") = "FLite.Core", "..\FLite\FLite.Core\FLite.Core.fsproj", "{E2D872CF-B391-44F7-B77C-EDFCF26E2C05}"
EndProject
Project("{F2A71F9B-5D33-465A-A702-920D77279786}") = "FDOM.Rendering.Pdf", "FDOM.Rendering.Pdf\FDOM.Rendering.Pdf.fsproj", "{51164543-CC03-4D4A-B49F-8FA4F7ECFE84}"
EndProject
Project("{2150E333-8FDC-42A3-9474-1A3956D46DE8}") = "PdfSharp", "PdfSharp", "{FE507BFC-BCE4-43FF-B37A-2627CABA3DB5}"
EndProject
Project("{FAE04EC0-301F-11D3-BF4B-00C04F79EFBC}") = "MigraDocCore.DocumentObjectModel", "..\External\PdfSharpCore\MigraDocCore.DocumentObjectModel\MigraDocCore.DocumentObjectModel.csproj", "{48353764-A1E4-4EB2-87E9-F3D060BA3EF6}"
EndProject
Project("{FAE04EC0-301F-11D3-BF4B-00C04F79EFBC}") = "MigraDocCore.Rendering", "..\External\PdfSharpCore\MigraDocCore.Rendering\MigraDocCore.Rendering.csproj", "{EBC3C4C1-70DC-49BB-9724-64039A323137}"
EndProject
Project("{FAE04EC0-301F-11D3-BF4B-00C04F79EFBC}") = "PdfSharpCore", "..\External\PdfSharpCore\PdfSharpCore\PdfSharpCore.csproj", "{C6045107-AF69-4381-AB0D-CDA0312B89A8}"
EndProject
Project("{FAE04EC0-301F-11D3-BF4B-00C04F79EFBC}") = "PdfSharpCore.Charting", "..\External\PdfSharpCore\PdfSharpCore.Charting\PdfSharpCore.Charting.csproj", "{EE2308E8-4C53-4A78-9327-89793EE92DC9}"
EndProject
Project("{F2A71F9B-5D33-465A-A702-920D77279786}") = "FreDF.Core", "..\FreDF\FreDF.Core\FreDF.Core.fsproj", "{1D858F89-E7E4-4765-A8FA-93C667504DF2}"
EndProject
Project("{F2A71F9B-5D33-465A-A702-920D77279786}") = "Freql.Sqlite", "..\Freql\Freql.Sqlite\Freql.Sqlite.fsproj", "{A0332154-AB54-46A3-8DAB-DC6F4F56D521}"
EndProject
Project("{F2A71F9B-5D33-465A-A702-920D77279786}") = "FDOM.Intergrations.DotNet", "FDOM.Intergrations.DotNet\FDOM.Intergrations.DotNet.fsproj", "{68B07EB7-17B6-43DF-8D8E-A336BD13F138}"
EndProject
Global
	GlobalSection(SolutionConfigurationPlatforms) = preSolution
		Debug|Any CPU = Debug|Any CPU
		Release|Any CPU = Release|Any CPU
	EndGlobalSection
	GlobalSection(ProjectConfigurationPlatforms) = postSolution
		{DC40D4DF-8A64-4178-8E66-B9D3B5EEB14B}.Debug|Any CPU.ActiveCfg = Debug|Any CPU
		{DC40D4DF-8A64-4178-8E66-B9D3B5EEB14B}.Debug|Any CPU.Build.0 = Debug|Any CPU
		{DC40D4DF-8A64-4178-8E66-B9D3B5EEB14B}.Release|Any CPU.ActiveCfg = Release|Any CPU
		{DC40D4DF-8A64-4178-8E66-B9D3B5EEB14B}.Release|Any CPU.Build.0 = Release|Any CPU
		{3B79C770-2625-48FF-B309-9F126FF8BE99}.Debug|Any CPU.ActiveCfg = Debug|Any CPU
		{3B79C770-2625-48FF-B309-9F126FF8BE99}.Debug|Any CPU.Build.0 = Debug|Any CPU
		{3B79C770-2625-48FF-B309-9F126FF8BE99}.Release|Any CPU.ActiveCfg = Release|Any CPU
		{3B79C770-2625-48FF-B309-9F126FF8BE99}.Release|Any CPU.Build.0 = Release|Any CPU
		{E983F532-BC1C-46F3-885B-93979CEFEFA0}.Debug|Any CPU.ActiveCfg = Debug|Any CPU
		{E983F532-BC1C-46F3-885B-93979CEFEFA0}.Debug|Any CPU.Build.0 = Debug|Any CPU
		{E983F532-BC1C-46F3-885B-93979CEFEFA0}.Release|Any CPU.ActiveCfg = Release|Any CPU
		{E983F532-BC1C-46F3-885B-93979CEFEFA0}.Release|Any CPU.Build.0 = Release|Any CPU
		{CD1029F2-58A5-4F41-A833-0CA8D37F8095}.Debug|Any CPU.ActiveCfg = Debug|Any CPU
		{CD1029F2-58A5-4F41-A833-0CA8D37F8095}.Debug|Any CPU.Build.0 = Debug|Any CPU
		{CD1029F2-58A5-4F41-A833-0CA8D37F8095}.Release|Any CPU.ActiveCfg = Release|Any CPU
		{CD1029F2-58A5-4F41-A833-0CA8D37F8095}.Release|Any CPU.Build.0 = Release|Any CPU
		{7129B259-4064-4FFB-BADE-16888DE3450B}.Debug|Any CPU.ActiveCfg = Debug|Any CPU
		{7129B259-4064-4FFB-BADE-16888DE3450B}.Debug|Any CPU.Build.0 = Debug|Any CPU
		{7129B259-4064-4FFB-BADE-16888DE3450B}.Release|Any CPU.ActiveCfg = Release|Any CPU
		{7129B259-4064-4FFB-BADE-16888DE3450B}.Release|Any CPU.Build.0 = Release|Any CPU
		{BEF94852-7008-4D9E-B156-CAA056C232A6}.Debug|Any CPU.ActiveCfg = Debug|Any CPU
		{BEF94852-7008-4D9E-B156-CAA056C232A6}.Debug|Any CPU.Build.0 = Debug|Any CPU
		{BEF94852-7008-4D9E-B156-CAA056C232A6}.Release|Any CPU.ActiveCfg = Release|Any CPU
		{BEF94852-7008-4D9E-B156-CAA056C232A6}.Release|Any CPU.Build.0 = Release|Any CPU
		{2D6868DE-F980-49B1-A291-CE842C55E593}.Debug|Any CPU.ActiveCfg = Debug|Any CPU
		{2D6868DE-F980-49B1-A291-CE842C55E593}.Debug|Any CPU.Build.0 = Debug|Any CPU
		{2D6868DE-F980-49B1-A291-CE842C55E593}.Release|Any CPU.ActiveCfg = Release|Any CPU
		{2D6868DE-F980-49B1-A291-CE842C55E593}.Release|Any CPU.Build.0 = Release|Any CPU
		{E2D872CF-B391-44F7-B77C-EDFCF26E2C05}.Debug|Any CPU.ActiveCfg = Debug|Any CPU
		{E2D872CF-B391-44F7-B77C-EDFCF26E2C05}.Debug|Any CPU.Build.0 = Debug|Any CPU
		{E2D872CF-B391-44F7-B77C-EDFCF26E2C05}.Release|Any CPU.ActiveCfg = Release|Any CPU
		{E2D872CF-B391-44F7-B77C-EDFCF26E2C05}.Release|Any CPU.Build.0 = Release|Any CPU
		{51164543-CC03-4D4A-B49F-8FA4F7ECFE84}.Debug|Any CPU.ActiveCfg = Debug|Any CPU
		{51164543-CC03-4D4A-B49F-8FA4F7ECFE84}.Debug|Any CPU.Build.0 = Debug|Any CPU
		{51164543-CC03-4D4A-B49F-8FA4F7ECFE84}.Release|Any CPU.ActiveCfg = Release|Any CPU
		{51164543-CC03-4D4A-B49F-8FA4F7ECFE84}.Release|Any CPU.Build.0 = Release|Any CPU
		{48353764-A1E4-4EB2-87E9-F3D060BA3EF6}.Debug|Any CPU.ActiveCfg = Debug|Any CPU
		{48353764-A1E4-4EB2-87E9-F3D060BA3EF6}.Debug|Any CPU.Build.0 = Debug|Any CPU
		{48353764-A1E4-4EB2-87E9-F3D060BA3EF6}.Release|Any CPU.ActiveCfg = Release|Any CPU
		{48353764-A1E4-4EB2-87E9-F3D060BA3EF6}.Release|Any CPU.Build.0 = Release|Any CPU
		{EBC3C4C1-70DC-49BB-9724-64039A323137}.Debug|Any CPU.ActiveCfg = Debug|Any CPU
		{EBC3C4C1-70DC-49BB-9724-64039A323137}.Debug|Any CPU.Build.0 = Debug|Any CPU
		{EBC3C4C1-70DC-49BB-9724-64039A323137}.Release|Any CPU.ActiveCfg = Release|Any CPU
		{EBC3C4C1-70DC-49BB-9724-64039A323137}.Release|Any CPU.Build.0 = Release|Any CPU
		{C6045107-AF69-4381-AB0D-CDA0312B89A8}.Debug|Any CPU.ActiveCfg = Debug|Any CPU
		{C6045107-AF69-4381-AB0D-CDA0312B89A8}.Debug|Any CPU.Build.0 = Debug|Any CPU
		{C6045107-AF69-4381-AB0D-CDA0312B89A8}.Release|Any CPU.ActiveCfg = Release|Any CPU
		{C6045107-AF69-4381-AB0D-CDA0312B89A8}.Release|Any CPU.Build.0 = Release|Any CPU
		{EE2308E8-4C53-4A78-9327-89793EE92DC9}.Debug|Any CPU.ActiveCfg = Debug|Any CPU
		{EE2308E8-4C53-4A78-9327-89793EE92DC9}.Debug|Any CPU.Build.0 = Debug|Any CPU
		{EE2308E8-4C53-4A78-9327-89793EE92DC9}.Release|Any CPU.ActiveCfg = Release|Any CPU
		{EE2308E8-4C53-4A78-9327-89793EE92DC9}.Release|Any CPU.Build.0 = Release|Any CPU
		{1D858F89-E7E4-4765-A8FA-93C667504DF2}.Debug|Any CPU.ActiveCfg = Debug|Any CPU
		{1D858F89-E7E4-4765-A8FA-93C667504DF2}.Debug|Any CPU.Build.0 = Debug|Any CPU
		{1D858F89-E7E4-4765-A8FA-93C667504DF2}.Release|Any CPU.ActiveCfg = Release|Any CPU
		{1D858F89-E7E4-4765-A8FA-93C667504DF2}.Release|Any CPU.Build.0 = Release|Any CPU
		{A0332154-AB54-46A3-8DAB-DC6F4F56D521}.Debug|Any CPU.ActiveCfg = Debug|Any CPU
		{A0332154-AB54-46A3-8DAB-DC6F4F56D521}.Debug|Any CPU.Build.0 = Debug|Any CPU
		{A0332154-AB54-46A3-8DAB-DC6F4F56D521}.Release|Any CPU.ActiveCfg = Release|Any CPU
		{A0332154-AB54-46A3-8DAB-DC6F4F56D521}.Release|Any CPU.Build.0 = Release|Any CPU
		{68B07EB7-17B6-43DF-8D8E-A336BD13F138}.Debug|Any CPU.ActiveCfg = Debug|Any CPU
		{68B07EB7-17B6-43DF-8D8E-A336BD13F138}.Debug|Any CPU.Build.0 = Debug|Any CPU
		{68B07EB7-17B6-43DF-8D8E-A336BD13F138}.Release|Any CPU.ActiveCfg = Release|Any CPU
		{68B07EB7-17B6-43DF-8D8E-A336BD13F138}.Release|Any CPU.Build.0 = Release|Any CPU
	EndGlobalSection
	GlobalSection(NestedProjects) = preSolution
		{BEF94852-7008-4D9E-B156-CAA056C232A6} = {60C80C7F-EF2C-4D50-932B-DF01D2C8E0E5}
		{7129B259-4064-4FFB-BADE-16888DE3450B} = {60C80C7F-EF2C-4D50-932B-DF01D2C8E0E5}
		{E2D872CF-B391-44F7-B77C-EDFCF26E2C05} = {EE5B262B-5A25-400B-AF87-DDB0C7E0323D}
		{FE507BFC-BCE4-43FF-B37A-2627CABA3DB5} = {EE5B262B-5A25-400B-AF87-DDB0C7E0323D}
		{48353764-A1E4-4EB2-87E9-F3D060BA3EF6} = {FE507BFC-BCE4-43FF-B37A-2627CABA3DB5}
		{EBC3C4C1-70DC-49BB-9724-64039A323137} = {FE507BFC-BCE4-43FF-B37A-2627CABA3DB5}
		{C6045107-AF69-4381-AB0D-CDA0312B89A8} = {FE507BFC-BCE4-43FF-B37A-2627CABA3DB5}
		{EE2308E8-4C53-4A78-9327-89793EE92DC9} = {FE507BFC-BCE4-43FF-B37A-2627CABA3DB5}
		{1D858F89-E7E4-4765-A8FA-93C667504DF2} = {EE5B262B-5A25-400B-AF87-DDB0C7E0323D}
		{A0332154-AB54-46A3-8DAB-DC6F4F56D521} = {EE5B262B-5A25-400B-AF87-DDB0C7E0323D}
	EndGlobalSection
EndGlobal
